
Microsoft Visual Studio Solution File, Format Version 12.00
# Visual Studio 15
VisualStudioVersion = 15.0.27130.2026
MinimumVisualStudioVersion = 10.0.40219.1
Project("{FAE04EC0-301F-11D3-BF4B-00C04F79EFBC}") = "QuanLyBanLapTop", "QuanLyBanLapTop\QuanLyBanLapTop.csproj", "{C471BD5D-E4BD-4CC8-B2AE-6F18603C8FD3}"
EndProject
Project("{FAE04EC0-301F-11D3-BF4B-00C04F79EFBC}") = "BUS", "BUS\BUS.csproj", "{BECF431A-DB26-408A-83D0-14DC8B623C70}"
EndProject
Project("{FAE04EC0-301F-11D3-BF4B-00C04F79EFBC}") = "DAO", "DAO\DAO.csproj", "{8B44B948-F3C5-4527-9ACD-E5EC843C415A}"
EndProject
Project("{FAE04EC0-301F-11D3-BF4B-00C04F79EFBC}") = "DTO", "DTO\DTO.csproj", "{2023BB9D-CC03-4035-B3FB-A94E285D4E3A}"
EndProject
Global
	GlobalSection(SolutionConfigurationPlatforms) = preSolution
		Debug|Any CPU = Debug|Any CPU
		Release|Any CPU = Release|Any CPU
	EndGlobalSection
	GlobalSection(ProjectConfigurationPlatforms) = postSolution
		{C471BD5D-E4BD-4CC8-B2AE-6F18603C8FD3}.Debug|Any CPU.ActiveCfg = Debug|Any CPU
		{C471BD5D-E4BD-4CC8-B2AE-6F18603C8FD3}.Debug|Any CPU.Build.0 = Debug|Any CPU
		{C471BD5D-E4BD-4CC8-B2AE-6F18603C8FD3}.Release|Any CPU.ActiveCfg = Release|Any CPU
		{C471BD5D-E4BD-4CC8-B2AE-6F18603C8FD3}.Release|Any CPU.Build.0 = Release|Any CPU
		{BECF431A-DB26-408A-83D0-14DC8B623C70}.Debug|Any CPU.ActiveCfg = Debug|Any CPU
		{BECF431A-DB26-408A-83D0-14DC8B623C70}.Debug|Any CPU.Build.0 = Debug|Any CPU
		{BECF431A-DB26-408A-83D0-14DC8B623C70}.Release|Any CPU.ActiveCfg = Release|Any CPU
		{BECF431A-DB26-408A-83D0-14DC8B623C70}.Release|Any CPU.Build.0 = Release|Any CPU
		{8B44B948-F3C5-4527-9ACD-E5EC843C415A}.Debug|Any CPU.ActiveCfg = Debug|Any CPU
		{8B44B948-F3C5-4527-9ACD-E5EC843C415A}.Debug|Any CPU.Build.0 = Debug|Any CPU
		{8B44B948-F3C5-4527-9ACD-E5EC843C415A}.Release|Any CPU.ActiveCfg = Release|Any CPU
		{8B44B948-F3C5-4527-9ACD-E5EC843C415A}.Release|Any CPU.Build.0 = Release|Any CPU
		{2023BB9D-CC03-4035-B3FB-A94E285D4E3A}.Debug|Any CPU.ActiveCfg = Debug|Any CPU
		{2023BB9D-CC03-4035-B3FB-A94E285D4E3A}.Debug|Any CPU.Build.0 = Debug|Any CPU
		{2023BB9D-CC03-4035-B3FB-A94E285D4E3A}.Release|Any CPU.ActiveCfg = Release|Any CPU
		{2023BB9D-CC03-4035-B3FB-A94E285D4E3A}.Release|Any CPU.Build.0 = Release|Any CPU
	EndGlobalSection
	GlobalSection(SolutionProperties) = preSolution
		HideSolutionNode = FALSE
	EndGlobalSection
	GlobalSection(ExtensibilityGlobals) = postSolution
		SolutionGuid = {D7DC8ACB-22A7-43CC-8022-1174B407FDDF}
	EndGlobalSection
EndGlobal
